// !$*UTF8*$!
{
	archiveVersion = 1;
	classes = {
	};
	objectVersion = 56;
	objects = {

/* Begin PBXBuildFile section */
		B001 /* BeatHopperApp.swift in Sources */ = {isa = PBXBuildFile; fileRef = A001 /* BeatHopperApp.swift */; };
		B002 /* AppState.swift in Sources */ = {isa = PBXBuildFile; fileRef = A002 /* AppState.swift */; };
		B003 /* Models.swift in Sources */ = {isa = PBXBuildFile; fileRef = A003 /* Models.swift */; };
		B004 /* OpenAIService.swift in Sources */ = {isa = PBXBuildFile; fileRef = A004 /* OpenAIService.swift */; };
		B005 /* LocationService.swift in Sources */ = {isa = PBXBuildFile; fileRef = A005 /* LocationService.swift */; };
		B006 /* AppleMusicService.swift in Sources */ = {isa = PBXBuildFile; fileRef = A006 /* AppleMusicService.swift */; };
		B007 /* SpotifyService.swift in Sources */ = {isa = PBXBuildFile; fileRef = A007 /* SpotifyService.swift */; };
		B008 /* NotificationService.swift in Sources */ = {isa = PBXBuildFile; fileRef = A008 /* NotificationService.swift */; };
		B009 /* DesignSystem.swift in Sources */ = {isa = PBXBuildFile; fileRef = A009 /* DesignSystem.swift */; };
		B010 /* ContentView.swift in Sources */ = {isa = PBXBuildFile; fileRef = A010 /* ContentView.swift */; };
		B011 /* MainTabView.swift in Sources */ = {isa = PBXBuildFile; fileRef = A011 /* MainTabView.swift */; };
		B012 /* OnboardingView.swift in Sources */ = {isa = PBXBuildFile; fileRef = A012 /* OnboardingView.swift */; };
		B013 /* ConcertsView.swift in Sources */ = {isa = PBXBuildFile; fileRef = A013 /* ConcertsView.swift */; };
		B014 /* ArtistsView.swift in Sources */ = {isa = PBXBuildFile; fileRef = A014 /* ArtistsView.swift */; };
		B015 /* CitiesSelectionView.swift in Sources */ = {isa = PBXBuildFile; fileRef = A015 /* CitiesSelectionView.swift */; };
		B016 /* LocalMusicView.swift in Sources */ = {isa = PBXBuildFile; fileRef = A016 /* LocalMusicView.swift */; };
		B017 /* SuggestionsView.swift in Sources */ = {isa = PBXBuildFile; fileRef = A017 /* SuggestionsView.swift */; };
		B018 /* SettingsView.swift in Sources */ = {isa = PBXBuildFile; fileRef = A018 /* SettingsView.swift */; };
		B019 /* Assets.xcassets in Resources */ = {isa = PBXBuildFile; fileRef = A019 /* Assets.xcassets */; };
		B020 /* AIDebugStore.swift in Sources */ = {isa = PBXBuildFile; fileRef = A021 /* AIDebugStore.swift */; };
		B021 /* KeychainHelper.swift in Sources */ = {isa = PBXBuildFile; fileRef = A022 /* KeychainHelper.swift */; };
		B022 /* WorldCitiesService.swift in Sources */ = {isa = PBXBuildFile; fileRef = A023 /* WorldCitiesService.swift */; };
		B023 /* worldcities.csv in Resources */ = {isa = PBXBuildFile; fileRef = A024 /* worldcities.csv */; };
/* End PBXBuildFile section */

/* Begin PBXFileReference section */
		A001 /* BeatHopperApp.swift */ = {isa = PBXFileReference; lastKnownFileType = sourcecode.swift; path = BeatHopperApp.swift; sourceTree = "<group>"; };
		A002 /* AppState.swift */ = {isa = PBXFileReference; lastKnownFileType = sourcecode.swift; path = AppState.swift; sourceTree = "<group>"; };
		A003 /* Models.swift */ = {isa = PBXFileReference; lastKnownFileType = sourcecode.swift; path = Models.swift; sourceTree = "<group>"; };
		A004 /* OpenAIService.swift */ = {isa = PBXFileReference; lastKnownFileType = sourcecode.swift; path = OpenAIService.swift; sourceTree = "<group>"; };
		A005 /* LocationService.swift */ = {isa = PBXFileReference; lastKnownFileType = sourcecode.swift; path = LocationService.swift; sourceTree = "<group>"; };
		A006 /* AppleMusicService.swift */ = {isa = PBXFileReference; lastKnownFileType = sourcecode.swift; path = AppleMusicService.swift; sourceTree = "<group>"; };
		A007 /* SpotifyService.swift */ = {isa = PBXFileReference; lastKnownFileType = sourcecode.swift; path = SpotifyService.swift; sourceTree = "<group>"; };
		A008 /* NotificationService.swift */ = {isa = PBXFileReference; lastKnownFileType = sourcecode.swift; path = NotificationService.swift; sourceTree = "<group>"; };
		A009 /* DesignSystem.swift */ = {isa = PBXFileReference; lastKnownFileType = sourcecode.swift; path = DesignSystem.swift; sourceTree = "<group>"; };
		A010 /* ContentView.swift */ = {isa = PBXFileReference; lastKnownFileType = sourcecode.swift; path = ContentView.swift; sourceTree = "<group>"; };
		A011 /* MainTabView.swift */ = {isa = PBXFileReference; lastKnownFileType = sourcecode.swift; path = MainTabView.swift; sourceTree = "<group>"; };
		A012 /* OnboardingView.swift */ = {isa = PBXFileReference; lastKnownFileType = sourcecode.swift; path = OnboardingView.swift; sourceTree = "<group>"; };
		A013 /* ConcertsView.swift */ = {isa = PBXFileReference; lastKnownFileType = sourcecode.swift; path = ConcertsView.swift; sourceTree = "<group>"; };
		A014 /* ArtistsView.swift */ = {isa = PBXFileReference; lastKnownFileType = sourcecode.swift; path = ArtistsView.swift; sourceTree = "<group>"; };
		A015 /* CitiesSelectionView.swift */ = {isa = PBXFileReference; lastKnownFileType = sourcecode.swift; path = CitiesSelectionView.swift; sourceTree = "<group>"; };
		A016 /* LocalMusicView.swift */ = {isa = PBXFileReference; lastKnownFileType = sourcecode.swift; path = LocalMusicView.swift; sourceTree = "<group>"; };
		A017 /* SuggestionsView.swift */ = {isa = PBXFileReference; lastKnownFileType = sourcecode.swift; path = SuggestionsView.swift; sourceTree = "<group>"; };
		A018 /* SettingsView.swift */ = {isa = PBXFileReference; lastKnownFileType = sourcecode.swift; path = SettingsView.swift; sourceTree = "<group>"; };
		A019 /* Assets.xcassets */ = {isa = PBXFileReference; lastKnownFileType = folder.assetcatalog; path = Assets.xcassets; sourceTree = "<group>"; };
		A020 /* Info.plist */ = {isa = PBXFileReference; lastKnownFileType = text.plist.xml; path = Info.plist; sourceTree = "<group>"; };
		A021 /* AIDebugStore.swift */ = {isa = PBXFileReference; lastKnownFileType = sourcecode.swift; path = AIDebugStore.swift; sourceTree = "<group>"; };
		A022 /* KeychainHelper.swift */ = {isa = PBXFileReference; lastKnownFileType = sourcecode.swift; path = KeychainHelper.swift; sourceTree = "<group>"; };
		A023 /* WorldCitiesService.swift */ = {isa = PBXFileReference; lastKnownFileType = sourcecode.swift; path = WorldCitiesService.swift; sourceTree = "<group>"; };
		A024 /* worldcities.csv */ = {isa = PBXFileReference; lastKnownFileType = text; path = Assets/worldcities.csv; sourceTree = "<group>"; };
		PROD /* BeatHopper.app */ = {isa = PBXFileReference; explicitFileType = wrapper.application; includeInIndex = 0; path = BeatHopper.app; sourceTree = BUILT_PRODUCTS_DIR; };
/* End PBXFileReference section */

/* Begin PBXFrameworksBuildPhase section */
		FW01 /* Frameworks */ = {
			isa = PBXFrameworksBuildPhase;
			buildActionMask = 2147483647;
			files = (
			);
			runOnlyForDeploymentPostprocessing = 0;
		};
/* End PBXFrameworksBuildPhase section */

/* Begin PBXGroup section */
		GRP_APP /* BeatHopper */ = {
			isa = PBXGroup;
			children = (
				A001 /* BeatHopperApp.swift */,
				A002 /* AppState.swift */,
				A019 /* Assets.xcassets */,
				A024 /* worldcities.csv */,
				A020 /* Info.plist */,
				GRP_MODELS /* Models */,
				GRP_SERVICES /* Services */,
				GRP_VIEWS /* Views */,
				GRP_UTIL /* Utilities */,
			);
			path = BeatHopper;
			sourceTree = "<group>";
		};
		GRP_ARTISTS /* Artists */ = {
			isa = PBXGroup;
			children = (
				A014 /* ArtistsView.swift */,
			);
			path = Artists;
			sourceTree = "<group>";
		};
		GRP_CITIES /* Cities */ = {
			isa = PBXGroup;
			children = (
				A015 /* CitiesSelectionView.swift */,
			);
			path = Cities;
			sourceTree = "<group>";
		};
		GRP_CONCERTS /* Concerts */ = {
			isa = PBXGroup;
			children = (
				A013 /* ConcertsView.swift */,
			);
			path = Concerts;
			sourceTree = "<group>";
		};
		GRP_LOCALMUSIC /* LocalMusic */ = {
			isa = PBXGroup;
			children = (
				A016 /* LocalMusicView.swift */,
			);
			path = LocalMusic;
			sourceTree = "<group>";
		};
		GRP_MODELS /* Models */ = {
			isa = PBXGroup;
			children = (
				A003 /* Models.swift */,
			);
			path = Models;
			sourceTree = "<group>";
		};
		GRP_ONBOARDING /* Onboarding */ = {
			isa = PBXGroup;
			children = (
				A012 /* OnboardingView.swift */,
			);
			path = Onboarding;
			sourceTree = "<group>";
		};
		GRP_PROD /* Products */ = {
			isa = PBXGroup;
			children = (
				PROD /* BeatHopper.app */,
			);
			name = Products;
			sourceTree = "<group>";
		};
		GRP_SERVICES /* Services */ = {
			isa = PBXGroup;
			children = (
				A004 /* OpenAIService.swift */,
				A005 /* LocationService.swift */,
				A006 /* AppleMusicService.swift */,
				A007 /* SpotifyService.swift */,
				A008 /* NotificationService.swift */,
				A023 /* WorldCitiesService.swift */,
			);
			path = Services;
			sourceTree = "<group>";
		};
		GRP_SUGGESTIONS /* Suggestions */ = {
			isa = PBXGroup;
			children = (
				A017 /* SuggestionsView.swift */,
			);
			path = Suggestions;
			sourceTree = "<group>";
		};
		GRP_UTIL /* Utilities */ = {
			isa = PBXGroup;
			children = (
				A009 /* DesignSystem.swift */,
				A021 /* AIDebugStore.swift */,
				A022 /* KeychainHelper.swift */,
			);
			path = Utilities;
			sourceTree = "<group>";
		};
		GRP_VIEWS /* Views */ = {
			isa = PBXGroup;
			children = (
				A010 /* ContentView.swift */,
				A011 /* MainTabView.swift */,
				A018 /* SettingsView.swift */,
				GRP_ONBOARDING /* Onboarding */,
				GRP_CONCERTS /* Concerts */,
				GRP_ARTISTS /* Artists */,
				GRP_CITIES /* Cities */,
				GRP_LOCALMUSIC /* LocalMusic */,
				GRP_SUGGESTIONS /* Suggestions */,
			);
			path = Views;
			sourceTree = "<group>";
		};
		ROOT = {
			isa = PBXGroup;
			children = (
				GRP_APP /* BeatHopper */,
				GRP_PROD /* Products */,
			);
			sourceTree = "<group>";
		};
/* End PBXGroup section */

/* Begin PBXNativeTarget section */
		TGT01 /* BeatHopper */ = {
			isa = PBXNativeTarget;
			buildConfigurationList = CFGLIST /* Build configuration list for PBXNativeTarget "BeatHopper" */;
			buildPhases = (
				SRC01 /* Sources */,
				RSC01 /* Resources */,
				FW01 /* Frameworks */,
			);
			buildRules = (
			);
			dependencies = (
			);
			name = BeatHopper;
			productName = BeatHopper;
			productReference = PROD /* BeatHopper.app */;
			productType = "com.apple.product-type.application";
		};
/* End PBXNativeTarget section */

/* Begin PBXProject section */
		PROJ /* Project object */ = {
			isa = PBXProject;
			attributes = {
				BuildIndependentTargetsInParallel = 1;
				LastSwiftUpdateCheck = 1500;
				LastUpgradeCheck = 2630;
				TargetAttributes = {
					TGT01 = {
						CreatedOnToolsVersion = 15.0;
					};
				};
			};
			buildConfigurationList = PROJCFGLIST /* Build configuration list for PBXProject "BeatHopper" */;
			compatibilityVersion = "Xcode 14.0";
			developmentRegion = en;
			hasScannedForEncodings = 0;
			knownRegions = (
				en,
				Base,
			);
			mainGroup = ROOT;
			productRefGroup = GRP_PROD /* Products */;
			projectDirPath = "";
			projectRoot = "";
			targets = (
				TGT01 /* BeatHopper */,
			);
		};
/* End PBXProject section */

/* Begin PBXResourcesBuildPhase section */
		RSC01 /* Resources */ = {
			isa = PBXResourcesBuildPhase;
			buildActionMask = 2147483647;
			files = (
				B019 /* Assets.xcassets in Resources */,
				B023 /* worldcities.csv in Resources */,
			);
			runOnlyForDeploymentPostprocessing = 0;
		};
/* End PBXResourcesBuildPhase section */

/* Begin PBXSourcesBuildPhase section */
		SRC01 /* Sources */ = {
			isa = PBXSourcesBuildPhase;
			buildActionMask = 2147483647;
			files = (
				B001 /* BeatHopperApp.swift in Sources */,
				B002 /* AppState.swift in Sources */,
				B003 /* Models.swift in Sources */,
				B004 /* OpenAIService.swift in Sources */,
				B005 /* LocationService.swift in Sources */,
				B006 /* AppleMusicService.swift in Sources */,
				B007 /* SpotifyService.swift in Sources */,
				B008 /* NotificationService.swift in Sources */,
				B009 /* DesignSystem.swift in Sources */,
				B010 /* ContentView.swift in Sources */,
				B011 /* MainTabView.swift in Sources */,
				B012 /* OnboardingView.swift in Sources */,
				B013 /* ConcertsView.swift in Sources */,
				B014 /* ArtistsView.swift in Sources */,
				B015 /* CitiesSelectionView.swift in Sources */,
				B016 /* LocalMusicView.swift in Sources */,
				B017 /* SuggestionsView.swift in Sources */,
				B018 /* SettingsView.swift in Sources */,
				B020 /* AIDebugStore.swift in Sources */,
				B021 /* KeychainHelper.swift in Sources */,
				B022 /* WorldCitiesService.swift in Sources */,
			);
			runOnlyForDeploymentPostprocessing = 0;
		};
/* End PBXSourcesBuildPhase section */

/* Begin XCBuildConfiguration section */
		CFG_DEBUG /* Debug */ = {
			isa = XCBuildConfiguration;
			buildSettings = {
				ALWAYS_SEARCH_USER_PATHS = NO;
				CLANG_ENABLE_MODULES = YES;
				CLANG_ENABLE_OBJC_ARC = YES;
				CLANG_WARN_BLOCK_CAPTURE_AUTORELEASING = YES;
				CLANG_WARN_BOOL_CONVERSION = YES;
				CLANG_WARN_COMMA = YES;
				CLANG_WARN_CONSTANT_CONVERSION = YES;
				CLANG_WARN_DEPRECATED_OBJC_IMPLEMENTATIONS = YES;
				CLANG_WARN_EMPTY_BODY = YES;
				CLANG_WARN_ENUM_CONVERSION = YES;
				CLANG_WARN_INFINITE_RECURSION = YES;
				CLANG_WARN_INT_CONVERSION = YES;
				CLANG_WARN_NON_LITERAL_NULL_CONVERSION = YES;
				CLANG_WARN_OBJC_IMPLICIT_RETAIN_SELF = YES;
				CLANG_WARN_OBJC_LITERAL_CONVERSION = YES;
				CLANG_WARN_QUOTED_INCLUDE_IN_FRAMEWORK_HEADER = YES;
				CLANG_WARN_RANGE_LOOP_ANALYSIS = YES;
				CLANG_WARN_STRICT_PROTOTYPES = YES;
				CLANG_WARN_SUSPICIOUS_MOVE = YES;
				CLANG_WARN_UNREACHABLE_CODE = YES;
				CLANG_WARN__DUPLICATE_METHOD_MATCH = YES;
				COPY_PHASE_STRIP = NO;
				DEBUG_INFORMATION_FORMAT = dwarf;
				DEVELOPMENT_TEAM = 59FUGJJF6M;
				ENABLE_STRICT_OBJC_MSGSEND = YES;
				ENABLE_TESTABILITY = YES;
				ENABLE_USER_SCRIPT_SANDBOXING = YES;
				GCC_NO_COMMON_BLOCKS = YES;
				GCC_OPTIMIZATION_LEVEL = 0;
				GCC_PREPROCESSOR_DEFINITIONS = (
					"DEBUG=1",
					"$(inherited)",
				);
				GCC_WARN_64_TO_32_BIT_CONVERSION = YES;
				GCC_WARN_ABOUT_RETURN_TYPE = YES;
				GCC_WARN_UNDECLARED_SELECTOR = YES;
				GCC_WARN_UNINITIALIZED_AUTOS = YES;
				GCC_WARN_UNUSED_FUNCTION = YES;
				GCC_WARN_UNUSED_VARIABLE = YES;
				IPHONEOS_DEPLOYMENT_TARGET = 17.0;
				ONLY_ACTIVE_ARCH = YES;
				SDKROOT = iphoneos;
				STRING_CATALOG_GENERATE_SYMBOLS = YES;
				SWIFT_ACTIVE_COMPILATION_CONDITIONS = DEBUG;
				SWIFT_OPTIMIZATION_LEVEL = "-Onone";
			};
			name = Debug;
		};
		CFG_RELEASE /* Release */ = {
			isa = XCBuildConfiguration;
			buildSettings = {
				ALWAYS_SEARCH_USER_PATHS = NO;
				CLANG_ENABLE_MODULES = YES;
				CLANG_ENABLE_OBJC_ARC = YES;
				CLANG_WARN_BLOCK_CAPTURE_AUTORELEASING = YES;
				CLANG_WARN_BOOL_CONVERSION = YES;
				CLANG_WARN_COMMA = YES;
				CLANG_WARN_CONSTANT_CONVERSION = YES;
				CLANG_WARN_DEPRECATED_OBJC_IMPLEMENTATIONS = YES;
				CLANG_WARN_EMPTY_BODY = YES;
				CLANG_WARN_ENUM_CONVERSION = YES;
				CLANG_WARN_INFINITE_RECURSION = YES;
				CLANG_WARN_INT_CONVERSION = YES;
				CLANG_WARN_NON_LITERAL_NULL_CONVERSION = YES;
				CLANG_WARN_OBJC_IMPLICIT_RETAIN_SELF = YES;
				CLANG_WARN_OBJC_LITERAL_CONVERSION = YES;
				CLANG_WARN_QUOTED_INCLUDE_IN_FRAMEWORK_HEADER = YES;
				CLANG_WARN_RANGE_LOOP_ANALYSIS = YES;
				CLANG_WARN_STRICT_PROTOTYPES = YES;
				CLANG_WARN_SUSPICIOUS_MOVE = YES;
				CLANG_WARN_UNREACHABLE_CODE = YES;
				CLANG_WARN__DUPLICATE_METHOD_MATCH = YES;
				DEVELOPMENT_TEAM = 59FUGJJF6M;
				ENABLE_NS_ASSERTIONS = NO;
				ENABLE_STRICT_OBJC_MSGSEND = YES;
				ENABLE_USER_SCRIPT_SANDBOXING = YES;
				GCC_NO_COMMON_BLOCKS = YES;
				GCC_WARN_64_TO_32_BIT_CONVERSION = YES;
				GCC_WARN_ABOUT_RETURN_TYPE = YES;
				GCC_WARN_UNDECLARED_SELECTOR = YES;
				GCC_WARN_UNINITIALIZED_AUTOS = YES;
				GCC_WARN_UNUSED_FUNCTION = YES;
				GCC_WARN_UNUSED_VARIABLE = YES;
				IPHONEOS_DEPLOYMENT_TARGET = 17.0;
				SDKROOT = iphoneos;
				STRING_CATALOG_GENERATE_SYMBOLS = YES;
				SWIFT_COMPILATION_MODE = wholemodule;
				SWIFT_OPTIMIZATION_LEVEL = "-O";
				VALIDATE_PRODUCT = YES;
			};
			name = Release;
		};
		TCFG_DEBUG /* Debug */ = {
			isa = XCBuildConfiguration;
			buildSettings = {
				ASSETCATALOG_COMPILER_APPICON_NAME = AppIcon;
				ASSETCATALOG_COMPILER_GLOBAL_ACCENT_COLOR_NAME = BeatOrange;
				CODE_SIGN_STYLE = Automatic;
				CURRENT_PROJECT_VERSION = 1;
				ENABLE_PREVIEWS = YES;
				GENERATE_INFOPLIST_FILE = NO;
				INFOPLIST_FILE = BeatHopper/Info.plist;
				IPHONEOS_DEPLOYMENT_TARGET = 17.0;
				MARKETING_VERSION = 1.0;
				PRODUCT_BUNDLE_IDENTIFIER = com.oren.BeatHopper;
				PRODUCT_NAME = "$(TARGET_NAME)";
				SWIFT_EMIT_LOC_STRINGS = YES;
				SWIFT_VERSION = 5.0;
				TARGETED_DEVICE_FAMILY = 1;
			};
			name = Debug;
		};
		TCFG_RELEASE /* Release */ = {
			isa = XCBuildConfiguration;
			buildSettings = {
				ASSETCATALOG_COMPILER_APPICON_NAME = AppIcon;
				ASSETCATALOG_COMPILER_GLOBAL_ACCENT_COLOR_NAME = BeatOrange;
				CODE_SIGN_STYLE = Automatic;
				CURRENT_PROJECT_VERSION = 1;
				ENABLE_PREVIEWS = YES;
				GENERATE_INFOPLIST_FILE = NO;
				INFOPLIST_FILE = BeatHopper/Info.plist;
				IPHONEOS_DEPLOYMENT_TARGET = 17.0;
				MARKETING_VERSION = 1.0;
				PRODUCT_BUNDLE_IDENTIFIER = com.oren.BeatHopper;
				PRODUCT_NAME = "$(TARGET_NAME)";
				SWIFT_EMIT_LOC_STRINGS = YES;
				SWIFT_VERSION = 5.0;
				TARGETED_DEVICE_FAMILY = 1;
			};
			name = Release;
		};
/* End XCBuildConfiguration section */

/* Begin XCConfigurationList section */
		CFGLIST /* Build configuration list for PBXNativeTarget "BeatHopper" */ = {
			isa = XCConfigurationList;
			buildConfigurations = (
				TCFG_DEBUG /* Debug */,
				TCFG_RELEASE /* Release */,
			);
			defaultConfigurationIsVisible = 0;
			defaultConfigurationName = Release;
		};
		PROJCFGLIST /* Build configuration list for PBXProject "BeatHopper" */ = {
			isa = XCConfigurationList;
			buildConfigurations = (
				CFG_DEBUG /* Debug */,
				CFG_RELEASE /* Release */,
			);
			defaultConfigurationIsVisible = 0;
			defaultConfigurationName = Release;
		};
/* End XCConfigurationList section */
	};
	rootObject = PROJ /* Project object */;
}
